
Microsoft Visual Studio Solution File, Format Version 12.00
# Visual Studio Version 17
VisualStudioVersion = 17.4.33213.308
MinimumVisualStudioVersion = 10.0.40219.1
Project("{FAE04EC0-301F-11D3-BF4B-00C04F79EFBC}") = "ConsoleApp3", "ConsoleApp3\ConsoleApp3.csproj", "{44E8FED6-77AC-435E-9B30-D0271A480D25}"
EndProject
Global
	GlobalSection(SolutionConfigurationPlatforms) = preSolution
		Debug|Any CPU = Debug|Any CPU
		Release|Any CPU = Release|Any CPU
	EndGlobalSection
	GlobalSection(ProjectConfigurationPlatforms) = postSolution
		{44E8FED6-77AC-435E-9B30-D0271A480D25}.Debug|Any CPU.ActiveCfg = Debug|Any CPU
		{44E8FED6-77AC-435E-9B30-D0271A480D25}.Debug|Any CPU.Build.0 = Debug|Any CPU
		{44E8FED6-77AC-435E-9B30-D0271A480D25}.Release|Any CPU.ActiveCfg = Release|Any CPU
		{44E8FED6-77AC-435E-9B30-D0271A480D25}.Release|Any CPU.Build.0 = Release|Any CPU
	EndGlobalSection
	GlobalSection(SolutionProperties) = preSolution
		HideSolutionNode = FALSE
	EndGlobalSection
	GlobalSection(ExtensibilityGlobals) = postSolution
		SolutionGuid = {849369D1-E094-4D49-8804-2F096C8343E6}
	EndGlobalSection
EndGlobal
